<?xml version="1.0" encoding="utf-8"?>
<Project ToolsVersion="17.0" xmlns="http://schemas.microsoft.com/developer/msbuild/2003">
  <ItemGroup>
    <ClCompile Include="C:\Users\bogur\Desktop\Proyectos github\TFG2\Codigo\Algoritmos postcuanticos\Precompilations\KAT_tests\Saber\kat_test\kat_test_file.c">
      <Filter>Source Files</Filter>
    </ClCompile>
  </ItemGroup>
  <ItemGroup>
    <CustomBuild Include="C:\Users\bogur\Desktop\Proyectos github\TFG2\Codigo\Algoritmos postcuanticos\Precompilations\KAT_tests\Saber\kat_test\CMakeLists.txt" />
  </ItemGroup>
  <ItemGroup>
    <Filter Include="Source Files">
      <UniqueIdentifier>{8531F280-962A-399A-A0D4-51BFAA506B8F}</UniqueIdentifier>
    </Filter>
  </ItemGroup>
</Project>
