<?xml version="1.0" encoding="utf-8"?>
<Project ToolsVersion="17.0" xmlns="http://schemas.microsoft.com/developer/msbuild/2003">
  <ItemGroup>
    <CustomBuild Include="C:\Users\bogurad\Desktop\Proyectos gitHub\TFG2\Codigo\Algoritmos postcuanticos\Precompilations\KAT_tests\kyber1024\kat_test\build_kat_1024\CMakeFiles\ef4c18294a095f6dfb91deb57751ec2e\generate.stamp.rule">
      <Filter>CMake Rules</Filter>
    </CustomBuild>
  </ItemGroup>
  <ItemGroup>
    <Filter Include="CMake Rules">
      <UniqueIdentifier>{B23FC314-DEF3-3841-A829-CF323F3CD030}</UniqueIdentifier>
    </Filter>
  </ItemGroup>
</Project>
