<?xml version="1.0" encoding="utf-8"?>
<Project ToolsVersion="4.0" xmlns="http://schemas.microsoft.com/developer/msbuild/2003">
  <ItemGroup>
    <Filter Include="Archivos de origen">
      <UniqueIdentifier>{4FC737F1-C7A5-4376-A066-2A32D752A2FF}</UniqueIdentifier>
      <Extensions>cpp;c;cc;cxx;c++;cppm;ixx;def;odl;idl;hpj;bat;asm;asmx</Extensions>
    </Filter>
    <Filter Include="Archivos de encabezado">
      <UniqueIdentifier>{93995380-89BD-4b04-88EB-625FBE52EBFB}</UniqueIdentifier>
      <Extensions>h;hh;hpp;hxx;h++;hm;inl;inc;ipp;xsd</Extensions>
    </Filter>
    <Filter Include="Archivos de recursos">
      <UniqueIdentifier>{67DA6AB6-F800-4c08-8B7A-83BB121AAD01}</UniqueIdentifier>
      <Extensions>rc;ico;cur;bmp;dlg;rc2;rct;bin;rgs;gif;jpg;jpeg;jpe;resx;tiff;tif;png;wav;mfcribbon-ms</Extensions>
    </Filter>
    <Filter Include="Archivos de encabezado\Externals">
      <UniqueIdentifier>{8a565db8-e05c-43ea-ab5e-fa67d7c3cb6a}</UniqueIdentifier>
    </Filter>
  </ItemGroup>
  <ItemGroup>
    <ClCompile Include="src\hqc.cpp">
      <Filter>Archivos de origen</Filter>
    </ClCompile>
    <ClCompile Include="src\keyexhange.cpp">
      <Filter>Archivos de origen</Filter>
    </ClCompile>
    <ClCompile Include="src\kyber.cpp">
      <Filter>Archivos de origen</Filter>
    </ClCompile>
    <ClCompile Include="src\saber.cpp">
      <Filter>Archivos de origen</Filter>
    </ClCompile>
    <ClCompile Include="src\main.cpp">
      <Filter>Archivos de recursos</Filter>
    </ClCompile>
    <ClCompile Include="src\KEMProtocol.cpp">
      <Filter>Archivos de origen</Filter>
    </ClCompile>
    <ClCompile Include="src\CircularBuffer.cpp">
      <Filter>Archivos de origen</Filter>
    </ClCompile>
    <ClCompile Include="src\SerialComunication.cpp">
      <Filter>Archivos de origen</Filter>
    </ClCompile>
  </ItemGroup>
  <ItemGroup>
    <ClInclude Include="inc\hqc.h">
      <Filter>Archivos de encabezado</Filter>
    </ClInclude>
    <ClInclude Include="inc\keyexhange.h">
      <Filter>Archivos de encabezado</Filter>
    </ClInclude>
    <ClInclude Include="inc\kyber.h">
      <Filter>Archivos de encabezado</Filter>
    </ClInclude>
    <ClInclude Include="inc\saber.h">
      <Filter>Archivos de encabezado</Filter>
    </ClInclude>
    <ClInclude Include="lib\hqc_wrapper.h">
      <Filter>Archivos de encabezado\Externals</Filter>
    </ClInclude>
    <ClInclude Include="lib\kyber_wrapper.h">
      <Filter>Archivos de encabezado\Externals</Filter>
    </ClInclude>
    <ClInclude Include="lib\saber_wrapper.h">
      <Filter>Archivos de encabezado\Externals</Filter>
    </ClInclude>
    <ClInclude Include="inc\secureVector.h">
      <Filter>Archivos de encabezado</Filter>
    </ClInclude>
    <ClInclude Include="inc\KEMProtocol.h">
      <Filter>Archivos de encabezado</Filter>
    </ClInclude>
    <ClInclude Include="inc\CircularBuffer.h">
      <Filter>Archivos de encabezado</Filter>
    </ClInclude>
    <ClInclude Include="inc\SerialComunication.h">
      <Filter>Archivos de encabezado</Filter>
    </ClInclude>
  </ItemGroup>
  <ItemGroup>
    <Library Include="lib\hqc.lib">
      <Filter>Archivos de encabezado\Externals</Filter>
    </Library>
    <Library Include="lib\kyber.lib">
      <Filter>Archivos de encabezado\Externals</Filter>
    </Library>
    <Library Include="lib\saber.lib">
      <Filter>Archivos de encabezado\Externals</Filter>
    </Library>
  </ItemGroup>
</Project>